
Microsoft Visual Studio Solution File, Format Version 12.00
# Visual Studio Version 16
VisualStudioVersion = 16.0.31025.194
MinimumVisualStudioVersion = 10.0.40219.1
Project("{FAE04EC0-301F-11D3-BF4B-00C04F79EFBC}") = "DAGoogleProto", "DAGoogleProto\DAGoogleProto.csproj", "{2EDDDBE6-D269-4F47-9417-78D5F54C5CA9}"
EndProject
Global
	GlobalSection(SolutionConfigurationPlatforms) = preSolution
		Debug|Any CPU = Debug|Any CPU
		Release|Any CPU = Release|Any CPU
	EndGlobalSection
	GlobalSection(ProjectConfigurationPlatforms) = postSolution
		{2EDDDBE6-D269-4F47-9417-78D5F54C5CA9}.Debug|Any CPU.ActiveCfg = Debug|Any CPU
		{2EDDDBE6-D269-4F47-9417-78D5F54C5CA9}.Debug|Any CPU.Build.0 = Debug|Any CPU
		{2EDDDBE6-D269-4F47-9417-78D5F54C5CA9}.Release|Any CPU.ActiveCfg = Release|Any CPU
		{2EDDDBE6-D269-4F47-9417-78D5F54C5CA9}.Release|Any CPU.Build.0 = Release|Any CPU
	EndGlobalSection
	GlobalSection(SolutionProperties) = preSolution
		HideSolutionNode = FALSE
	EndGlobalSection
	GlobalSection(ExtensibilityGlobals) = postSolution
		SolutionGuid = {FE8BA76C-BDC9-4230-A12E-0E4280F99591}
	EndGlobalSection
EndGlobal
